<?xml version="1.0" encoding="utf-8"?>
<Project ToolsVersion="4.0" xmlns="http://schemas.microsoft.com/developer/msbuild/2003">
  <ItemGroup>
    <ClCompile Include="src\proto\test-messages.pb.cc">
      <Filter>proto</Filter>
    </ClCompile>
    <ClCompile Include="src\transfer-message\transfer-message-test.cpp">
      <Filter>transfer-message</Filter>
    </ClCompile>
    <ClCompile Include="src\connection\connection-test.cpp">
      <Filter>connection</Filter>
    </ClCompile>
    <ClCompile Include="$(GOOGLETEST_ROOT)\googlemock\src\gmock-all.cc">
      <Filter>gtest</Filter>
    </ClCompile>
    <ClCompile Include="$(GOOGLETEST_ROOT)\googletest\src\gtest_main.cc">
      <Filter>gtest</Filter>
    </ClCompile>
    <ClCompile Include="$(GOOGLETEST_ROOT)\googletest\src\gtest-all.cc">
      <Filter>gtest</Filter>
    </ClCompile>
    <ClCompile Include="src\types\request-result-test.cpp">
      <Filter>types</Filter>
    </ClCompile>
    <ClCompile Include="src\types\response-result-test.cpp">
      <Filter>types</Filter>
    </ClCompile>
    <ClCompile Include="src\channel\request-callback\request-callback-test.cpp">
      <Filter>channel\request-callback</Filter>
    </ClCompile>
    <ClCompile Include="src\channel\channel-test.cpp">
      <Filter>channel</Filter>
    </ClCompile>
    <ClCompile Include="src\closure-guard\closure-guard-test.cpp">
      <Filter>closure-guard</Filter>
    </ClCompile>
    <ClCompile Include="src\service\response-callback\response-callback-test.cpp">
      <Filter>service\response-callback</Filter>
    </ClCompile>
    <ClCompile Include="src\service\service-test.cpp">
      <Filter>service</Filter>
    </ClCompile>
    <ClCompile Include="src\client-endpoint\client-endpoint-test.cpp">
      <Filter>client-endpoint</Filter>
    </ClCompile>
  </ItemGroup>
  <ItemGroup>
    <Filter Include="gtest">
      <UniqueIdentifier>{742bb53f-ea8e-4d63-81f9-b1f8e8d75516}</UniqueIdentifier>
    </Filter>
    <Filter Include="proto">
      <UniqueIdentifier>{aeef9d66-6699-4ccf-8d64-26a35721cffe}</UniqueIdentifier>
    </Filter>
    <Filter Include="transfer-message">
      <UniqueIdentifier>{3246df77-c1b2-44b2-b01e-67fa375db2df}</UniqueIdentifier>
    </Filter>
    <Filter Include="connection">
      <UniqueIdentifier>{5145c876-0303-4942-a12e-e5999f0f5eb2}</UniqueIdentifier>
    </Filter>
    <Filter Include="mocks">
      <UniqueIdentifier>{d635bd13-39fe-4537-bc4d-97e4b2224b35}</UniqueIdentifier>
    </Filter>
    <Filter Include="types">
      <UniqueIdentifier>{1322983f-2740-4c80-9eb9-139779fe17c0}</UniqueIdentifier>
    </Filter>
    <Filter Include="channel">
      <UniqueIdentifier>{8c33604d-bfbf-4c3a-8881-89e7ad932f06}</UniqueIdentifier>
    </Filter>
    <Filter Include="channel\request-callback">
      <UniqueIdentifier>{bc067c6c-6fda-4e7a-bc3c-0c15859fe53f}</UniqueIdentifier>
    </Filter>
    <Filter Include="closure-guard">
      <UniqueIdentifier>{4586649e-9f16-44de-a4ed-8037d1c19fd8}</UniqueIdentifier>
    </Filter>
    <Filter Include="service">
      <UniqueIdentifier>{4135792f-699a-4ff1-b198-81a3a3eac2b3}</UniqueIdentifier>
    </Filter>
    <Filter Include="service\response-callback">
      <UniqueIdentifier>{2d803733-265d-44a7-894b-73edf12ca61a}</UniqueIdentifier>
    </Filter>
    <Filter Include="client-endpoint">
      <UniqueIdentifier>{5378f013-d467-4c2f-b646-5f7cc71d1fbd}</UniqueIdentifier>
    </Filter>
  </ItemGroup>
  <ItemGroup>
    <CustomBuild Include="src\proto\test-messages.proto">
      <Filter>proto</Filter>
    </CustomBuild>
  </ItemGroup>
  <ItemGroup>
    <ClInclude Include="src\proto\test-messages.pb.h">
      <Filter>proto</Filter>
    </ClInclude>
    <ClInclude Include="src\mocks\multiple-timer-mock.h">
      <Filter>mocks</Filter>
    </ClInclude>
    <ClInclude Include="src\mocks\connection-mock.h">
      <Filter>mocks</Filter>
    </ClInclude>
    <ClInclude Include="src\mocks\closure-mock.h">
      <Filter>mocks</Filter>
    </ClInclude>
    <ClInclude Include="src\mocks\rpc-controller-mock.h">
      <Filter>mocks</Filter>
    </ClInclude>
    <ClInclude Include="src\mocks\service-mock.h">
      <Filter>mocks</Filter>
    </ClInclude>
    <ClInclude Include="src\mocks\channel-mock.h">
      <Filter>mocks</Filter>
    </ClInclude>
    <ClInclude Include="src\mocks\connector-mock.h">
      <Filter>mocks</Filter>
    </ClInclude>
    <ClInclude Include="src\mocks\transport-mock.h">
      <Filter>mocks</Filter>
    </ClInclude>
  </ItemGroup>
</Project>