<?xml version="1.0" encoding="utf-8"?>
<Project ToolsVersion="4.0" xmlns="http://schemas.microsoft.com/developer/msbuild/2003">
  <ItemGroup>
    <ClCompile Include="src\proto\test-messages.pb.cc">
      <Filter>proto</Filter>
    </ClCompile>
    <ClCompile Include="src\transfer-message\transfer-message-test.cpp">
      <Filter>transfer-message</Filter>
    </ClCompile>
    <ClCompile Include="src\connection\connection-test.cpp">
      <Filter>connection</Filter>
    </ClCompile>
    <ClCompile Include="$(GOOGLETEST_ROOT)\googlemock\src\gmock-all.cc">
      <Filter>gtest</Filter>
    </ClCompile>
    <ClCompile Include="$(GOOGLETEST_ROOT)\googletest\src\gtest_main.cc">
      <Filter>gtest</Filter>
    </ClCompile>
    <ClCompile Include="$(GOOGLETEST_ROOT)\googletest\src\gtest-all.cc">
      <Filter>gtest</Filter>
    </ClCompile>
    <ClCompile Include="src\types\request-result-test.cpp">
      <Filter>types</Filter>
    </ClCompile>
    <ClCompile Include="src\types\response-result-test.cpp">
      <Filter>types</Filter>
    </ClCompile>
    <ClCompile Include="src\channel\channel-test.cpp">
      <Filter>channel</Filter>
    </ClCompile>
    <ClCompile Include="src\closure-guard\closure-guard-test.cpp">
      <Filter>closure-guard</Filter>
    </ClCompile>
    <ClCompile Include="src\service\service-test.cpp">
      <Filter>service</Filter>
    </ClCompile>
    <ClCompile Include="src\server-endpoint\server-endpoint-test.cpp">
      <Filter>server-endpoint</Filter>
    </ClCompile>
    <ClCompile Include="src\pipe\memory-pipe\mem-buffer-test.cpp">
      <Filter>pipe\memory-pipe</Filter>
    </ClCompile>
    <ClCompile Include="src\pipe\memory-pipe\mem-pipe-env-test.cpp">
      <Filter>pipe\memory-pipe</Filter>
    </ClCompile>
    <ClCompile Include="src\pipe\memory-pipe\mem-pipe-endpoint-test.cpp">
      <Filter>pipe\memory-pipe</Filter>
    </ClCompile>
    <ClCompile Include="src\transport\transport-test.cpp">
      <Filter>transport</Filter>
    </ClCompile>
    <ClCompile Include="src\connector\client-connector-test.cpp">
      <Filter>connector</Filter>
    </ClCompile>
    <ClCompile Include="src\pipe\memory-pipe\mem-buffers-test.cpp">
      <Filter>pipe\memory-pipe</Filter>
    </ClCompile>
    <ClCompile Include="src\controller\request-controller-test.cpp">
      <Filter>controller</Filter>
    </ClCompile>
    <ClCompile Include="src\controller\response-controller-test.cpp">
      <Filter>controller</Filter>
    </ClCompile>
    <ClCompile Include="src\connector\service-connector-test.cpp">
      <Filter>connector</Filter>
    </ClCompile>
    <ClCompile Include="src\endpoint\endpoint-test.cpp">
      <Filter>endpoint</Filter>
    </ClCompile>
    <ClCompile Include="src\endpoint\client-endpoint-test.cpp">
      <Filter>endpoint</Filter>
    </ClCompile>
  </ItemGroup>
  <ItemGroup>
    <Filter Include="gtest">
      <UniqueIdentifier>{742bb53f-ea8e-4d63-81f9-b1f8e8d75516}</UniqueIdentifier>
    </Filter>
    <Filter Include="proto">
      <UniqueIdentifier>{aeef9d66-6699-4ccf-8d64-26a35721cffe}</UniqueIdentifier>
    </Filter>
    <Filter Include="transfer-message">
      <UniqueIdentifier>{3246df77-c1b2-44b2-b01e-67fa375db2df}</UniqueIdentifier>
    </Filter>
    <Filter Include="connection">
      <UniqueIdentifier>{5145c876-0303-4942-a12e-e5999f0f5eb2}</UniqueIdentifier>
    </Filter>
    <Filter Include="mocks">
      <UniqueIdentifier>{d635bd13-39fe-4537-bc4d-97e4b2224b35}</UniqueIdentifier>
    </Filter>
    <Filter Include="types">
      <UniqueIdentifier>{1322983f-2740-4c80-9eb9-139779fe17c0}</UniqueIdentifier>
    </Filter>
    <Filter Include="channel">
      <UniqueIdentifier>{8c33604d-bfbf-4c3a-8881-89e7ad932f06}</UniqueIdentifier>
    </Filter>
    <Filter Include="closure-guard">
      <UniqueIdentifier>{4586649e-9f16-44de-a4ed-8037d1c19fd8}</UniqueIdentifier>
    </Filter>
    <Filter Include="service">
      <UniqueIdentifier>{4135792f-699a-4ff1-b198-81a3a3eac2b3}</UniqueIdentifier>
    </Filter>
    <Filter Include="server-endpoint">
      <UniqueIdentifier>{04329da9-a1ec-4d97-9f37-e8b4e98ddc4d}</UniqueIdentifier>
    </Filter>
    <Filter Include="transport">
      <UniqueIdentifier>{cbf0eaba-361b-41de-a0c8-98f5a90b27d7}</UniqueIdentifier>
    </Filter>
    <Filter Include="pipe">
      <UniqueIdentifier>{c58f8263-f3e1-46d3-b25a-cd0071f51e8c}</UniqueIdentifier>
    </Filter>
    <Filter Include="pipe\memory-pipe">
      <UniqueIdentifier>{2f646b38-8694-4fdd-ba50-bdd70dcee8bf}</UniqueIdentifier>
    </Filter>
    <Filter Include="connector">
      <UniqueIdentifier>{b46cf90f-fa2f-4b0e-9cc9-21005b6fa557}</UniqueIdentifier>
    </Filter>
    <Filter Include="controller">
      <UniqueIdentifier>{d8d969b2-c219-40f3-9a21-6bb1a923cba8}</UniqueIdentifier>
    </Filter>
    <Filter Include="endpoint">
      <UniqueIdentifier>{d80d3f8c-4946-4174-bf2b-5f97e1db2369}</UniqueIdentifier>
    </Filter>
  </ItemGroup>
  <ItemGroup>
    <CustomBuild Include="src\proto\test-messages.proto">
      <Filter>proto</Filter>
    </CustomBuild>
  </ItemGroup>
  <ItemGroup>
    <ClInclude Include="src\proto\test-messages.pb.h">
      <Filter>proto</Filter>
    </ClInclude>
    <ClInclude Include="src\mocks\closure-mock.h">
      <Filter>mocks</Filter>
    </ClInclude>
    <ClInclude Include="src\mocks\service-mock.h">
      <Filter>mocks</Filter>
    </ClInclude>
    <ClInclude Include="src\mocks\channel-mock.h">
      <Filter>mocks</Filter>
    </ClInclude>
    <ClInclude Include="src\mocks\authenticator-mock.h">
      <Filter>mocks</Filter>
    </ClInclude>
    <ClInclude Include="src\mocks\connection-mock.h">
      <Filter>mocks</Filter>
    </ClInclude>
  </ItemGroup>
</Project>