
Microsoft Visual Studio Solution File, Format Version 12.00
# Visual Studio Version 17
VisualStudioVersion = 17.9.34701.34
MinimumVisualStudioVersion = 10.0.40219.1
Project("{2150E333-8FDC-42A3-9474-1A3956D46DE8}") = "test", "test", "{50EC9BAA-35F1-403D-B35C-FB6A3F8F77EC}"
EndProject
Project("{8BC9CEB8-8B4A-11D0-8D11-00A0C91BC942}") = "common-lib", "common-lib\common-lib.vcxproj", "{A73A4837-35C7-451C-B557-3E2F1F779622}"
EndProject
Project("{8BC9CEB8-8B4A-11D0-8D11-00A0C91BC942}") = "rpc-lib", "rpc-lib\rpc-lib.vcxproj", "{A2383AD1-18D5-4CA6-838A-873D961D38B5}"
EndProject
Project("{8BC9CEB8-8B4A-11D0-8D11-00A0C91BC942}") = "common-lib-test", "test\common-lib-test\common-lib-test.vcxproj", "{4BDBB3A5-4331-4161-A341-A5D1C5E24138}"
EndProject
Project("{8BC9CEB8-8B4A-11D0-8D11-00A0C91BC942}") = "rpc-lib-test", "test\rpc-lib-test\rpc-lib-test.vcxproj", "{85F2E21C-F51A-4560-85D4-1378CC14F103}"
EndProject
Project("{2150E333-8FDC-42A3-9474-1A3956D46DE8}") = "example", "example", "{02EA681E-C7D8-13C7-8484-4AC65E1B71E8}"
EndProject
Project("{8BC9CEB8-8B4A-11D0-8D11-00A0C91BC942}") = "pipe-connection-example", "example\pipe-connection-example\pipe-connection-example.vcxproj", "{C0F2EF4F-AF8A-4E7A-BA11-8E0D354F45E8}"
EndProject
Project("{8BC9CEB8-8B4A-11D0-8D11-00A0C91BC942}") = "win-lib", "win-lib\win-lib.vcxproj", "{8F5A7E59-2330-4E04-9FC4-51962AAB961A}"
EndProject
Global
	GlobalSection(SolutionConfigurationPlatforms) = preSolution
		Debug|x64 = Debug|x64
		Release|x64 = Release|x64
	EndGlobalSection
	GlobalSection(ProjectConfigurationPlatforms) = postSolution
		{A73A4837-35C7-451C-B557-3E2F1F779622}.Debug|x64.ActiveCfg = Debug|x64
		{A73A4837-35C7-451C-B557-3E2F1F779622}.Debug|x64.Build.0 = Debug|x64
		{A73A4837-35C7-451C-B557-3E2F1F779622}.Release|x64.ActiveCfg = Release|x64
		{A73A4837-35C7-451C-B557-3E2F1F779622}.Release|x64.Build.0 = Release|x64
		{A2383AD1-18D5-4CA6-838A-873D961D38B5}.Debug|x64.ActiveCfg = Debug|x64
		{A2383AD1-18D5-4CA6-838A-873D961D38B5}.Debug|x64.Build.0 = Debug|x64
		{A2383AD1-18D5-4CA6-838A-873D961D38B5}.Release|x64.ActiveCfg = Release|x64
		{A2383AD1-18D5-4CA6-838A-873D961D38B5}.Release|x64.Build.0 = Release|x64
		{4BDBB3A5-4331-4161-A341-A5D1C5E24138}.Debug|x64.ActiveCfg = Debug|x64
		{4BDBB3A5-4331-4161-A341-A5D1C5E24138}.Debug|x64.Build.0 = Debug|x64
		{4BDBB3A5-4331-4161-A341-A5D1C5E24138}.Release|x64.ActiveCfg = Release|x64
		{4BDBB3A5-4331-4161-A341-A5D1C5E24138}.Release|x64.Build.0 = Release|x64
		{85F2E21C-F51A-4560-85D4-1378CC14F103}.Debug|x64.ActiveCfg = Debug|x64
		{85F2E21C-F51A-4560-85D4-1378CC14F103}.Debug|x64.Build.0 = Debug|x64
		{85F2E21C-F51A-4560-85D4-1378CC14F103}.Release|x64.ActiveCfg = Release|x64
		{85F2E21C-F51A-4560-85D4-1378CC14F103}.Release|x64.Build.0 = Release|x64
		{C0F2EF4F-AF8A-4E7A-BA11-8E0D354F45E8}.Debug|x64.ActiveCfg = Debug|x64
		{C0F2EF4F-AF8A-4E7A-BA11-8E0D354F45E8}.Debug|x64.Build.0 = Debug|x64
		{C0F2EF4F-AF8A-4E7A-BA11-8E0D354F45E8}.Release|x64.ActiveCfg = Release|x64
		{C0F2EF4F-AF8A-4E7A-BA11-8E0D354F45E8}.Release|x64.Build.0 = Release|x64
		{8F5A7E59-2330-4E04-9FC4-51962AAB961A}.Debug|x64.ActiveCfg = Debug|x64
		{8F5A7E59-2330-4E04-9FC4-51962AAB961A}.Debug|x64.Build.0 = Debug|x64
		{8F5A7E59-2330-4E04-9FC4-51962AAB961A}.Release|x64.ActiveCfg = Release|x64
		{8F5A7E59-2330-4E04-9FC4-51962AAB961A}.Release|x64.Build.0 = Release|x64
	EndGlobalSection
	GlobalSection(SolutionProperties) = preSolution
		HideSolutionNode = FALSE
	EndGlobalSection
	GlobalSection(NestedProjects) = preSolution
		{4BDBB3A5-4331-4161-A341-A5D1C5E24138} = {50EC9BAA-35F1-403D-B35C-FB6A3F8F77EC}
		{85F2E21C-F51A-4560-85D4-1378CC14F103} = {50EC9BAA-35F1-403D-B35C-FB6A3F8F77EC}
		{C0F2EF4F-AF8A-4E7A-BA11-8E0D354F45E8} = {02EA681E-C7D8-13C7-8484-4AC65E1B71E8}
	EndGlobalSection
	GlobalSection(ExtensibilityGlobals) = postSolution
		SolutionGuid = {66A89EB9-424E-45BB-B721-77F88BBF7ADE}
	EndGlobalSection
EndGlobal
