<?xml version="1.0" encoding="utf-8"?>
<Project ToolsVersion="4.0" xmlns="http://schemas.microsoft.com/developer/msbuild/2003">
  <ItemGroup>
    <Filter Include="types">
      <UniqueIdentifier>{ff53786e-d7b9-47f9-a014-17c8a20e20e1}</UniqueIdentifier>
    </Filter>
    <Filter Include="transfer-message">
      <UniqueIdentifier>{deae0289-982c-49d2-b63f-16cca15c77c5}</UniqueIdentifier>
    </Filter>
    <Filter Include="connection">
      <UniqueIdentifier>{9cd2a514-0f4e-4c4d-93eb-2f57e08ac2b1}</UniqueIdentifier>
    </Filter>
    <Filter Include="channel">
      <UniqueIdentifier>{8f097237-e0ba-4a25-b530-4827d577e1c3}</UniqueIdentifier>
    </Filter>
    <Filter Include="channel\request-callback">
      <UniqueIdentifier>{53278c45-60d6-40d8-85ea-2892885164bc}</UniqueIdentifier>
    </Filter>
    <Filter Include="interface">
      <UniqueIdentifier>{ce807528-bc90-4955-88f3-63593c9d16c2}</UniqueIdentifier>
    </Filter>
    <Filter Include="closure-guard">
      <UniqueIdentifier>{88cf588e-f103-4431-9808-42f8cd6f2fc0}</UniqueIdentifier>
    </Filter>
    <Filter Include="service\response-callback">
      <UniqueIdentifier>{2bfde795-8c01-42d8-80e9-86bff9771fce}</UniqueIdentifier>
    </Filter>
  </ItemGroup>
  <ItemGroup>
    <ClCompile Include="rpc-lib\transfer-message\transfer-message.cpp">
      <Filter>transfer-message</Filter>
    </ClCompile>
    <ClCompile Include="rpc-lib\connection\connection.cpp">
      <Filter>connection</Filter>
    </ClCompile>
    <ClCompile Include="rpc-lib\channel\channel.cpp">
      <Filter>channel</Filter>
    </ClCompile>
    <ClCompile Include="rpc-lib\closure-guard\closure-guard.cpp">
      <Filter>closure-guard</Filter>
    </ClCompile>
    <ClCompile Include="rpc-lib\service\response-callback\response-callback.cpp">
      <Filter>service\response-callback</Filter>
    </ClCompile>
  </ItemGroup>
  <ItemGroup>
    <ClInclude Include="rpc-lib\transfer-message\transfer-message.h">
      <Filter>transfer-message</Filter>
    </ClInclude>
    <ClInclude Include="rpc-lib\connection\iconnection.h">
      <Filter>connection</Filter>
    </ClInclude>
    <ClInclude Include="rpc-lib\types\request-result.h">
      <Filter>types</Filter>
    </ClInclude>
    <ClInclude Include="rpc-lib\types\response-result.h">
      <Filter>types</Filter>
    </ClInclude>
    <ClInclude Include="rpc-lib\connection\connection.h">
      <Filter>connection</Filter>
    </ClInclude>
    <ClInclude Include="rpc-lib\channel\ichannel.h">
      <Filter>channel</Filter>
    </ClInclude>
    <ClInclude Include="rpc-lib\channel\channel.h">
      <Filter>channel</Filter>
    </ClInclude>
    <ClInclude Include="rpc-lib\channel\request-callback\request-callback.h">
      <Filter>channel\request-callback</Filter>
    </ClInclude>
    <ClInclude Include="rpc-lib\interface\itransport.h">
      <Filter>interface</Filter>
    </ClInclude>
    <ClInclude Include="rpc-lib\closure-guard\closure-guard.h">
      <Filter>closure-guard</Filter>
    </ClInclude>
    <ClInclude Include="rpc-lib\service\response-callback\response-callback.h">
      <Filter>service\response-callback</Filter>
    </ClInclude>
  </ItemGroup>
</Project>