<?xml version="1.0" encoding="utf-8"?>
<Project ToolsVersion="4.0" xmlns="http://schemas.microsoft.com/developer/msbuild/2003">
  <ItemGroup>
    <Filter Include="types">
      <UniqueIdentifier>{ff53786e-d7b9-47f9-a014-17c8a20e20e1}</UniqueIdentifier>
    </Filter>
    <Filter Include="transfer-message">
      <UniqueIdentifier>{deae0289-982c-49d2-b63f-16cca15c77c5}</UniqueIdentifier>
    </Filter>
    <Filter Include="connection">
      <UniqueIdentifier>{9cd2a514-0f4e-4c4d-93eb-2f57e08ac2b1}</UniqueIdentifier>
    </Filter>
    <Filter Include="channel">
      <UniqueIdentifier>{8f097237-e0ba-4a25-b530-4827d577e1c3}</UniqueIdentifier>
    </Filter>
    <Filter Include="closure-guard">
      <UniqueIdentifier>{88cf588e-f103-4431-9808-42f8cd6f2fc0}</UniqueIdentifier>
    </Filter>
    <Filter Include="service">
      <UniqueIdentifier>{64713131-9a37-42fe-8d9e-3863a8ef4989}</UniqueIdentifier>
    </Filter>
    <Filter Include="server-endpoint">
      <UniqueIdentifier>{cdb19d86-cbcf-48f7-b5aa-3463fbd41bd2}</UniqueIdentifier>
    </Filter>
    <Filter Include="pipe">
      <UniqueIdentifier>{c74cb791-5359-4823-bcf9-e50a27bb48fb}</UniqueIdentifier>
    </Filter>
    <Filter Include="pipe\memory-pipe">
      <UniqueIdentifier>{666aea95-4aa6-4921-8fea-0086194a619e}</UniqueIdentifier>
    </Filter>
    <Filter Include="transport">
      <UniqueIdentifier>{94e19454-f139-4921-b24e-24bb2cc625b1}</UniqueIdentifier>
    </Filter>
    <Filter Include="authenticator">
      <UniqueIdentifier>{cd6ba141-8f45-4d0c-a986-f971892cf8ae}</UniqueIdentifier>
    </Filter>
    <Filter Include="authenticator\simple-authenticator">
      <UniqueIdentifier>{27c54d39-cc06-46d8-94e0-935103b104c9}</UniqueIdentifier>
    </Filter>
    <Filter Include="connector">
      <UniqueIdentifier>{fc0d5010-e5a3-4a20-9f0c-42650444de6d}</UniqueIdentifier>
    </Filter>
    <Filter Include="controller">
      <UniqueIdentifier>{7e3bc64e-e6b3-43e5-8ef5-77f070e2fe24}</UniqueIdentifier>
    </Filter>
    <Filter Include="endpoint">
      <UniqueIdentifier>{487281f9-4992-4e26-a2a9-b5bea3580856}</UniqueIdentifier>
    </Filter>
  </ItemGroup>
  <ItemGroup>
    <ClCompile Include="rpc-lib\transfer-message\transfer-message.cpp">
      <Filter>transfer-message</Filter>
    </ClCompile>
    <ClCompile Include="rpc-lib\channel\channel.cpp">
      <Filter>channel</Filter>
    </ClCompile>
    <ClCompile Include="rpc-lib\closure-guard\closure-guard.cpp">
      <Filter>closure-guard</Filter>
    </ClCompile>
    <ClCompile Include="rpc-lib\transport\transport.cpp">
      <Filter>transport</Filter>
    </ClCompile>
    <ClCompile Include="rpc-lib\authenticator\simple-authenticator\simple-authenticator.cpp">
      <Filter>authenticator\simple-authenticator</Filter>
    </ClCompile>
    <ClCompile Include="rpc-lib\connector\client-connector.cpp">
      <Filter>connector</Filter>
    </ClCompile>
    <ClCompile Include="rpc-lib\connection\connection.cpp">
      <Filter>connection</Filter>
    </ClCompile>
    <ClCompile Include="rpc-lib\pipe\memory-pipe\mem-buffer.cpp">
      <Filter>pipe\memory-pipe</Filter>
    </ClCompile>
    <ClCompile Include="rpc-lib\pipe\memory-pipe\mem-buffers.cpp">
      <Filter>pipe\memory-pipe</Filter>
    </ClCompile>
    <ClCompile Include="rpc-lib\pipe\memory-pipe\mem-pipe-endpoint.cpp">
      <Filter>pipe\memory-pipe</Filter>
    </ClCompile>
    <ClCompile Include="rpc-lib\pipe\memory-pipe\mem-pipe-env.cpp">
      <Filter>pipe\memory-pipe</Filter>
    </ClCompile>
    <ClCompile Include="rpc-lib\controller\controller-cast.cpp">
      <Filter>controller</Filter>
    </ClCompile>
    <ClCompile Include="rpc-lib\connector\server-connector.cpp">
      <Filter>connector</Filter>
    </ClCompile>
  </ItemGroup>
  <ItemGroup>
    <ClInclude Include="rpc-lib\transfer-message\transfer-message.h">
      <Filter>transfer-message</Filter>
    </ClInclude>
    <ClInclude Include="rpc-lib\types\request-result.h">
      <Filter>types</Filter>
    </ClInclude>
    <ClInclude Include="rpc-lib\types\response-result.h">
      <Filter>types</Filter>
    </ClInclude>
    <ClInclude Include="rpc-lib\channel\channel.h">
      <Filter>channel</Filter>
    </ClInclude>
    <ClInclude Include="rpc-lib\closure-guard\closure-guard.h">
      <Filter>closure-guard</Filter>
    </ClInclude>
    <ClInclude Include="rpc-lib\service\iservice.h">
      <Filter>service</Filter>
    </ClInclude>
    <ClInclude Include="rpc-lib\service\service.h">
      <Filter>service</Filter>
    </ClInclude>
    <ClInclude Include="rpc-lib\server-endpoint\server-endpoint.h">
      <Filter>server-endpoint</Filter>
    </ClInclude>
    <ClInclude Include="rpc-lib\pipe\pipe-op-res.h">
      <Filter>pipe</Filter>
    </ClInclude>
    <ClInclude Include="rpc-lib\transport\transport.h">
      <Filter>transport</Filter>
    </ClInclude>
    <ClInclude Include="rpc-lib\authenticator\iauthenticator.h">
      <Filter>authenticator</Filter>
    </ClInclude>
    <ClInclude Include="rpc-lib\authenticator\simple-authenticator\simple-authenticator.h">
      <Filter>authenticator\simple-authenticator</Filter>
    </ClInclude>
    <ClInclude Include="rpc-lib\pipe\pipe-wait-res.h">
      <Filter>pipe</Filter>
    </ClInclude>
    <ClInclude Include="rpc-lib\connector\client-connector.h">
      <Filter>connector</Filter>
    </ClInclude>
    <ClInclude Include="rpc-lib\connection\connection.h">
      <Filter>connection</Filter>
    </ClInclude>
    <ClInclude Include="rpc-lib\pipe\ipipe-endpoint.h">
      <Filter>pipe</Filter>
    </ClInclude>
    <ClInclude Include="rpc-lib\pipe\iserver-pipe-env.h">
      <Filter>pipe</Filter>
    </ClInclude>
    <ClInclude Include="rpc-lib\pipe\memory-pipe\mem-buffer.h">
      <Filter>pipe\memory-pipe</Filter>
    </ClInclude>
    <ClInclude Include="rpc-lib\pipe\memory-pipe\mem-buffers.h">
      <Filter>pipe\memory-pipe</Filter>
    </ClInclude>
    <ClInclude Include="rpc-lib\pipe\memory-pipe\mem-pipe-endpoint.h">
      <Filter>pipe\memory-pipe</Filter>
    </ClInclude>
    <ClInclude Include="rpc-lib\pipe\memory-pipe\mem-pipe-env.h">
      <Filter>pipe\memory-pipe</Filter>
    </ClInclude>
    <ClInclude Include="rpc-lib\types\future.h">
      <Filter>types</Filter>
    </ClInclude>
    <ClInclude Include="rpc-lib\types\connection-state.h">
      <Filter>types</Filter>
    </ClInclude>
    <ClInclude Include="rpc-lib\pipe\iclient-pipe-env.h">
      <Filter>pipe</Filter>
    </ClInclude>
    <ClInclude Include="rpc-lib\controller\null-rpc-controller.h">
      <Filter>controller</Filter>
    </ClInclude>
    <ClInclude Include="rpc-lib\controller\request-controller.h">
      <Filter>controller</Filter>
    </ClInclude>
    <ClInclude Include="rpc-lib\controller\irequest-controller.h">
      <Filter>controller</Filter>
    </ClInclude>
    <ClInclude Include="rpc-lib\controller\request-controller-base.h">
      <Filter>controller</Filter>
    </ClInclude>
    <ClInclude Include="rpc-lib\connection\iconnection.h">
      <Filter>connection</Filter>
    </ClInclude>
    <ClInclude Include="rpc-lib\controller\iresponse-controller.h">
      <Filter>controller</Filter>
    </ClInclude>
    <ClInclude Include="rpc-lib\controller\response-controller.h">
      <Filter>controller</Filter>
    </ClInclude>
    <ClInclude Include="rpc-lib\controller\response-controller-base.h">
      <Filter>controller</Filter>
    </ClInclude>
    <ClInclude Include="rpc-lib\connector\server-connector.h">
      <Filter>connector</Filter>
    </ClInclude>
    <ClInclude Include="rpc-lib\endpoint\endpoint.h">
      <Filter>endpoint</Filter>
    </ClInclude>
  </ItemGroup>
</Project>