<?xml version="1.0" encoding="utf-8"?>
<Project ToolsVersion="4.0" xmlns="http://schemas.microsoft.com/developer/msbuild/2003">
  <ItemGroup>
    <Filter Include="types">
      <UniqueIdentifier>{233f164f-de4d-418c-a031-0f04736d54da}</UniqueIdentifier>
    </Filter>
    <Filter Include="types\internal">
      <UniqueIdentifier>{585a5252-12d3-4d50-b0a7-ddd11048cf16}</UniqueIdentifier>
    </Filter>
  </ItemGroup>
  <ItemGroup>
    <ClInclude Include="win-lib\types\internal\unique-handle.h">
      <Filter>types\internal</Filter>
    </ClInclude>
    <ClInclude Include="win-lib\types\internal\handle-traits.h">
      <Filter>types\internal</Filter>
    </ClInclude>
    <ClInclude Include="win-lib\types\handle.h">
      <Filter>types</Filter>
    </ClInclude>
    <ClInclude Include="win-lib\types\iocp.h">
      <Filter>types</Filter>
    </ClInclude>
  </ItemGroup>
  <ItemGroup>
    <ClCompile Include="win-lib\types\iocp.cpp">
      <Filter>types</Filter>
    </ClCompile>
  </ItemGroup>
</Project>