<?xml version="1.0" encoding="utf-8"?>
<Project ToolsVersion="4.0" xmlns="http://schemas.microsoft.com/developer/msbuild/2003">
  <ItemGroup>
    <ClCompile Include="$(GOOGLETEST_ROOT)\googletest\src\gtest-all.cc">
      <Filter>gtest</Filter>
    </ClCompile>
    <ClCompile Include="$(GOOGLETEST_ROOT)\googletest\src\gtest_main.cc">
      <Filter>gtest</Filter>
    </ClCompile>
    <ClCompile Include="$(GOOGLETEST_ROOT)\googlemock\src\gmock-all.cc">
      <Filter>gtest</Filter>
    </ClCompile>
    <ClCompile Include="src\common\transfer-entry\transfer-entry-test.cpp">
      <Filter>common\transfer-entry</Filter>
    </ClCompile>
    <ClCompile Include="src\buffer\buffer-test.cpp">
      <Filter>common\buffer</Filter>
    </ClCompile>
  </ItemGroup>
  <ItemGroup>
    <Filter Include="gtest">
      <UniqueIdentifier>{742bb53f-ea8e-4d63-81f9-b1f8e8d75516}</UniqueIdentifier>
    </Filter>
    <Filter Include="common">
      <UniqueIdentifier>{65d01a42-4a4d-48e7-bfcb-56f8de6b9a8e}</UniqueIdentifier>
    </Filter>
    <Filter Include="common\transfer-entry">
      <UniqueIdentifier>{3089d65e-3e3f-4b66-bdaf-22258b37221c}</UniqueIdentifier>
    </Filter>
    <Filter Include="common\buffer">
      <UniqueIdentifier>{efafa9b8-38c9-4569-8ebb-cb1a6a88b807}</UniqueIdentifier>
    </Filter>
  </ItemGroup>
</Project>