<?xml version="1.0" encoding="utf-8"?>
<Project ToolsVersion="4.0" xmlns="http://schemas.microsoft.com/developer/msbuild/2003">
  <ItemGroup>
    <Filter Include="utils">
      <UniqueIdentifier>{d9212874-65ac-4e90-81fa-8c73fd921bbd}</UniqueIdentifier>
    </Filter>
    <Filter Include="thread-pool">
      <UniqueIdentifier>{72468f17-1487-406e-9029-e0cbd6f63c9c}</UniqueIdentifier>
    </Filter>
    <Filter Include="utils\buffer">
      <UniqueIdentifier>{057eadbd-91fb-40f6-9326-1f615a78ca64}</UniqueIdentifier>
    </Filter>
    <Filter Include="utils\buffer-view">
      <UniqueIdentifier>{3ee5ee4d-c3d4-4a80-a26f-740f984a0577}</UniqueIdentifier>
    </Filter>
    <Filter Include="memory">
      <UniqueIdentifier>{7840e649-abb3-464c-a00d-dca379f24b1b}</UniqueIdentifier>
    </Filter>
    <Filter Include="memory\allocator">
      <UniqueIdentifier>{a7622fbf-a8c5-431a-967a-87c051fa713b}</UniqueIdentifier>
    </Filter>
    <Filter Include="memory\unique-ptr2">
      <UniqueIdentifier>{0926c359-cea5-4e7b-9c95-7f930581c207}</UniqueIdentifier>
    </Filter>
    <Filter Include="timer">
      <UniqueIdentifier>{d65c15c0-a64d-47d2-be98-da146e873b45}</UniqueIdentifier>
    </Filter>
    <Filter Include="timer\multiple-timer">
      <UniqueIdentifier>{872ad871-352a-47d0-9da4-49cf53f80a27}</UniqueIdentifier>
    </Filter>
    <Filter Include="syncronization">
      <UniqueIdentifier>{d475a531-5d3e-4661-a1d0-7bb4ecb276e9}</UniqueIdentifier>
    </Filter>
    <Filter Include="syncronization\guarded-value">
      <UniqueIdentifier>{27d223b0-c866-4a25-81e3-f0119cb49e5f}</UniqueIdentifier>
    </Filter>
    <Filter Include="syncronization\event">
      <UniqueIdentifier>{d449d5a9-b683-46bc-97f5-5e5a887a2b10}</UniqueIdentifier>
    </Filter>
    <Filter Include="syncronization\latch">
      <UniqueIdentifier>{702e0636-e998-4fab-9a86-bbe0aec579b6}</UniqueIdentifier>
    </Filter>
    <Filter Include="timer\periodic-timer">
      <UniqueIdentifier>{7df212d7-73f5-4e34-a2d1-58800efa1e81}</UniqueIdentifier>
    </Filter>
    <Filter Include="syncronization\spinlock">
      <UniqueIdentifier>{d1ee088e-f1e1-47e1-95ec-82c142c3111c}</UniqueIdentifier>
    </Filter>
  </ItemGroup>
  <ItemGroup>
    <ClInclude Include="common-lib\thread-pool\thread-pool.h">
      <Filter>thread-pool</Filter>
    </ClInclude>
    <ClInclude Include="common-lib\utils\buffer\buffer.h">
      <Filter>utils\buffer</Filter>
    </ClInclude>
    <ClInclude Include="common-lib\utils\buffer-view\buffer-view.h">
      <Filter>utils\buffer-view</Filter>
    </ClInclude>
    <ClInclude Include="common-lib\utils\buffer-view\cbuffer-view.h">
      <Filter>utils\buffer-view</Filter>
    </ClInclude>
    <ClInclude Include="common-lib\memory\allocator\default-allocator.h">
      <Filter>memory\allocator</Filter>
    </ClInclude>
    <ClInclude Include="common-lib\memory\unique-ptr2\unique-ptr2.h">
      <Filter>memory\unique-ptr2</Filter>
    </ClInclude>
    <ClInclude Include="common-lib\timer\multiple-timer\multiple-timer.h">
      <Filter>timer\multiple-timer</Filter>
    </ClInclude>
    <ClInclude Include="common-lib\syncronization\event\event.h">
      <Filter>syncronization\event</Filter>
    </ClInclude>
    <ClInclude Include="common-lib\syncronization\guarded-value\guarded-value.h">
      <Filter>syncronization\guarded-value</Filter>
    </ClInclude>
    <ClInclude Include="common-lib\syncronization\latch\latch.h">
      <Filter>syncronization\latch</Filter>
    </ClInclude>
    <ClInclude Include="common-lib\thread-pool\strand.h">
      <Filter>thread-pool</Filter>
    </ClInclude>
    <ClInclude Include="common-lib\timer\periodic-timer\periodic-timer.h">
      <Filter>timer\periodic-timer</Filter>
    </ClInclude>
    <ClInclude Include="common-lib\syncronization\spinlock\spinlock.h">
      <Filter>syncronization\spinlock</Filter>
    </ClInclude>
    <ClInclude Include="common-lib\syncronization\spinlock\spinlock-guard.h">
      <Filter>syncronization\spinlock</Filter>
    </ClInclude>
    <ClInclude Include="common-lib\thread-pool\thread-pool-task.h">
      <Filter>thread-pool</Filter>
    </ClInclude>
  </ItemGroup>
  <ItemGroup>
    <ClCompile Include="common-lib\thread-pool\thread-pool.cpp">
      <Filter>thread-pool</Filter>
    </ClCompile>
    <ClCompile Include="common-lib\utils\buffer\buffer.cpp">
      <Filter>utils\buffer</Filter>
    </ClCompile>
    <ClCompile Include="common-lib\utils\buffer-view\buffer-view.cpp">
      <Filter>utils\buffer-view</Filter>
    </ClCompile>
    <ClCompile Include="common-lib\utils\buffer-view\cbuffer-view.cpp">
      <Filter>utils\buffer-view</Filter>
    </ClCompile>
    <ClCompile Include="common-lib\timer\multiple-timer\multiple-timer.cpp">
      <Filter>timer\multiple-timer</Filter>
    </ClCompile>
    <ClCompile Include="common-lib\syncronization\event\event.cpp">
      <Filter>syncronization\event</Filter>
    </ClCompile>
    <ClCompile Include="common-lib\syncronization\latch\latch.cpp">
      <Filter>syncronization\latch</Filter>
    </ClCompile>
    <ClCompile Include="common-lib\thread-pool\strand.cpp">
      <Filter>thread-pool</Filter>
    </ClCompile>
    <ClCompile Include="common-lib\timer\periodic-timer\periodic-timer.cpp">
      <Filter>timer\periodic-timer</Filter>
    </ClCompile>
    <ClCompile Include="common-lib\syncronization\spinlock\spinlock.cpp">
      <Filter>syncronization\spinlock</Filter>
    </ClCompile>
  </ItemGroup>
</Project>