<?xml version="1.0" encoding="utf-8"?>
<Project ToolsVersion="4.0" xmlns="http://schemas.microsoft.com/developer/msbuild/2003">
  <ItemGroup>
    <Filter Include="utils">
      <UniqueIdentifier>{d9212874-65ac-4e90-81fa-8c73fd921bbd}</UniqueIdentifier>
    </Filter>
    <Filter Include="memory">
      <UniqueIdentifier>{7840e649-abb3-464c-a00d-dca379f24b1b}</UniqueIdentifier>
    </Filter>
    <Filter Include="memory\allocator">
      <UniqueIdentifier>{a7622fbf-a8c5-431a-967a-87c051fa713b}</UniqueIdentifier>
    </Filter>
    <Filter Include="memory\unique-ptr2">
      <UniqueIdentifier>{0926c359-cea5-4e7b-9c95-7f930581c207}</UniqueIdentifier>
    </Filter>
    <Filter Include="timer">
      <UniqueIdentifier>{d65c15c0-a64d-47d2-be98-da146e873b45}</UniqueIdentifier>
    </Filter>
    <Filter Include="timer\multiple-timer">
      <UniqueIdentifier>{872ad871-352a-47d0-9da4-49cf53f80a27}</UniqueIdentifier>
    </Filter>
    <Filter Include="timer\periodic-timer">
      <UniqueIdentifier>{7df212d7-73f5-4e34-a2d1-58800efa1e81}</UniqueIdentifier>
    </Filter>
    <Filter Include="synchronization">
      <UniqueIdentifier>{ef150fed-a7d1-4648-bd29-bf5a42196a9e}</UniqueIdentifier>
    </Filter>
    <Filter Include="synchronization\event">
      <UniqueIdentifier>{c2b0a754-8959-407c-9144-909082f786f4}</UniqueIdentifier>
    </Filter>
    <Filter Include="synchronization\spinlock">
      <UniqueIdentifier>{d1d2a2e0-ec06-474f-b529-e6ca6f10263a}</UniqueIdentifier>
    </Filter>
    <Filter Include="mpl">
      <UniqueIdentifier>{1d528489-a74f-453f-b7e2-1b5b616f822c}</UniqueIdentifier>
    </Filter>
    <Filter Include="mpl\internal">
      <UniqueIdentifier>{36bc51ba-c781-4b0f-a5d9-3aba650361d8}</UniqueIdentifier>
    </Filter>
    <Filter Include="thread">
      <UniqueIdentifier>{015dead5-f7f8-4abd-a49c-9caa4ae02eb2}</UniqueIdentifier>
    </Filter>
    <Filter Include="thread\future">
      <UniqueIdentifier>{f14d47dd-2982-485f-a080-b757aad77d96}</UniqueIdentifier>
    </Filter>
    <Filter Include="thread\future\internal">
      <UniqueIdentifier>{9873c404-4484-4955-9aeb-ba0ea4fb7bde}</UniqueIdentifier>
    </Filter>
    <Filter Include="thread\thread-pool">
      <UniqueIdentifier>{0c642025-84c4-4795-b55b-7d0adc57580e}</UniqueIdentifier>
    </Filter>
    <Filter Include="thread\thread-pool\internal">
      <UniqueIdentifier>{833fd6c3-5a65-4efe-9760-35dc5be2618a}</UniqueIdentifier>
    </Filter>
    <Filter Include="utils\internal">
      <UniqueIdentifier>{4fc9f3a9-e1cb-4045-ac81-08d6896fa339}</UniqueIdentifier>
    </Filter>
    <Filter Include="utils\internal\tuple-utils">
      <UniqueIdentifier>{970cfb52-3099-456d-9207-8352d6ee364d}</UniqueIdentifier>
    </Filter>
    <Filter Include="utils\internal\buffer-view">
      <UniqueIdentifier>{3ee5ee4d-c3d4-4a80-a26f-740f984a0577}</UniqueIdentifier>
    </Filter>
    <Filter Include="utils\internal\buffer">
      <UniqueIdentifier>{057eadbd-91fb-40f6-9326-1f615a78ca64}</UniqueIdentifier>
    </Filter>
    <Filter Include="mpl\internal\function-traits">
      <UniqueIdentifier>{3eae1e77-9a7f-4c7f-84dc-3c1f04a1f59b}</UniqueIdentifier>
    </Filter>
    <Filter Include="mpl\internal\type-traits">
      <UniqueIdentifier>{d3b2cb06-7c3d-40b3-8af6-16d80f23154e}</UniqueIdentifier>
    </Filter>
    <Filter Include="mpl\internal\type-transform">
      <UniqueIdentifier>{b48c7bc3-6c72-4371-93dd-26b760651a6d}</UniqueIdentifier>
    </Filter>
    <Filter Include="synchronization\internal">
      <UniqueIdentifier>{b9a4fed4-2ebc-4df4-883e-70b37b46e87c}</UniqueIdentifier>
    </Filter>
    <Filter Include="synchronization\internal\ordered-lock">
      <UniqueIdentifier>{b2e5c32a-1323-4e8e-9ed0-583ea31acc7f}</UniqueIdentifier>
    </Filter>
    <Filter Include="mpl\internal\tuple-traits">
      <UniqueIdentifier>{0a3f88f7-38f0-40bf-b91d-06b6a6ffd033}</UniqueIdentifier>
    </Filter>
    <Filter Include="mpl\internal\tuple-transform">
      <UniqueIdentifier>{3bea86cc-97f5-4f72-b2e2-d447cdc9dac8}</UniqueIdentifier>
    </Filter>
    <Filter Include="utils\internal\do-on-destruct">
      <UniqueIdentifier>{7445fbb3-0c68-4f56-a77c-73d3984afb8b}</UniqueIdentifier>
    </Filter>
  </ItemGroup>
  <ItemGroup>
    <ClInclude Include="common-lib\memory\allocator\default-allocator.h">
      <Filter>memory\allocator</Filter>
    </ClInclude>
    <ClInclude Include="common-lib\memory\unique-ptr2\unique-ptr2.h">
      <Filter>memory\unique-ptr2</Filter>
    </ClInclude>
    <ClInclude Include="common-lib\timer\multiple-timer\multiple-timer.h">
      <Filter>timer\multiple-timer</Filter>
    </ClInclude>
    <ClInclude Include="common-lib\timer\periodic-timer\periodic-timer.h">
      <Filter>timer\periodic-timer</Filter>
    </ClInclude>
    <ClInclude Include="common-lib\synchronization\event\event.h">
      <Filter>synchronization\event</Filter>
    </ClInclude>
    <ClInclude Include="common-lib\synchronization\spinlock\spinlock.h">
      <Filter>synchronization\spinlock</Filter>
    </ClInclude>
    <ClInclude Include="common-lib\synchronization\spinlock\spinlock-guard.h">
      <Filter>synchronization\spinlock</Filter>
    </ClInclude>
    <ClInclude Include="common-lib\mpl\function-traits.h">
      <Filter>mpl</Filter>
    </ClInclude>
    <ClInclude Include="common-lib\mpl\type-transform.h">
      <Filter>mpl</Filter>
    </ClInclude>
    <ClInclude Include="common-lib\mpl\type-traits.h">
      <Filter>mpl</Filter>
    </ClInclude>
    <ClInclude Include="common-lib\thread\future\future.h">
      <Filter>thread\future</Filter>
    </ClInclude>
    <ClInclude Include="common-lib\thread\future\internal\future.h">
      <Filter>thread\future\internal</Filter>
    </ClInclude>
    <ClInclude Include="common-lib\thread\future\internal\future-controller.h">
      <Filter>thread\future\internal</Filter>
    </ClInclude>
    <ClInclude Include="common-lib\thread\future\internal\future-controller-impl.h">
      <Filter>thread\future\internal</Filter>
    </ClInclude>
    <ClInclude Include="common-lib\thread\future\internal\future-data.h">
      <Filter>thread\future\internal</Filter>
    </ClInclude>
    <ClInclude Include="common-lib\thread\future\internal\future-data-impl.h">
      <Filter>thread\future\internal</Filter>
    </ClInclude>
    <ClInclude Include="common-lib\thread\future\internal\future-impl.h">
      <Filter>thread\future\internal</Filter>
    </ClInclude>
    <ClInclude Include="common-lib\thread\future\internal\promise.h">
      <Filter>thread\future\internal</Filter>
    </ClInclude>
    <ClInclude Include="common-lib\thread\future\internal\promise-impl.h">
      <Filter>thread\future\internal</Filter>
    </ClInclude>
    <ClInclude Include="common-lib\thread\thread-pool\strand.h">
      <Filter>thread\thread-pool</Filter>
    </ClInclude>
    <ClInclude Include="common-lib\thread\thread-pool\thread-pool.h">
      <Filter>thread\thread-pool</Filter>
    </ClInclude>
    <ClInclude Include="common-lib\thread\thread-pool\thread-pool-task.h">
      <Filter>thread\thread-pool</Filter>
    </ClInclude>
    <ClInclude Include="common-lib\thread\thread-pool\internal\thread-pool-task-impl.h">
      <Filter>thread\thread-pool\internal</Filter>
    </ClInclude>
    <ClInclude Include="common-lib\utils\type-wrapper.h">
      <Filter>utils</Filter>
    </ClInclude>
    <ClInclude Include="common-lib\synchronization\ordered-lock.h">
      <Filter>synchronization</Filter>
    </ClInclude>
    <ClInclude Include="common-lib\utils\tuple-utils.h">
      <Filter>utils</Filter>
    </ClInclude>
    <ClInclude Include="common-lib\utils\internal\tuple-utils\extract-first-tuple-element.h">
      <Filter>utils\internal\tuple-utils</Filter>
    </ClInclude>
    <ClInclude Include="common-lib\utils\internal\tuple-utils\extract-last-tuple-element.h">
      <Filter>utils\internal\tuple-utils</Filter>
    </ClInclude>
    <ClInclude Include="common-lib\utils\internal\tuple-utils\forward-tuple-element.h">
      <Filter>utils\internal\tuple-utils</Filter>
    </ClInclude>
    <ClInclude Include="common-lib\utils\internal\tuple-utils\make-tuple-index-sequense.h">
      <Filter>utils\internal\tuple-utils</Filter>
    </ClInclude>
    <ClInclude Include="common-lib\utils\internal\tuple-utils\merge-tuples.h">
      <Filter>utils\internal\tuple-utils</Filter>
    </ClInclude>
    <ClInclude Include="common-lib\utils\internal\tuple-utils\sort-tuple.h">
      <Filter>utils\internal\tuple-utils</Filter>
    </ClInclude>
    <ClInclude Include="common-lib\utils\internal\tuple-utils\swap-first-two-tuple-elements.h">
      <Filter>utils\internal\tuple-utils</Filter>
    </ClInclude>
    <ClInclude Include="common-lib\utils\buffer.h">
      <Filter>utils</Filter>
    </ClInclude>
    <ClInclude Include="common-lib\utils\buffer-view.h">
      <Filter>utils</Filter>
    </ClInclude>
    <ClInclude Include="common-lib\utils\cbuffer-view.h">
      <Filter>utils</Filter>
    </ClInclude>
    <ClInclude Include="common-lib\mpl\internal\function-traits\function-traits.h">
      <Filter>mpl\internal\function-traits</Filter>
    </ClInclude>
    <ClInclude Include="common-lib\mpl\internal\type-transform\add-const.h">
      <Filter>mpl\internal\type-transform</Filter>
    </ClInclude>
    <ClInclude Include="common-lib\mpl\internal\type-transform\make-function-type.h">
      <Filter>mpl\internal\type-transform</Filter>
    </ClInclude>
    <ClInclude Include="common-lib\mpl\internal\type-transform\remove-const.h">
      <Filter>mpl\internal\type-transform</Filter>
    </ClInclude>
    <ClInclude Include="common-lib\mpl\internal\type-transform\remove-c-ref.h">
      <Filter>mpl\internal\type-transform</Filter>
    </ClInclude>
    <ClInclude Include="common-lib\mpl\internal\type-transform\remove-function-qualifiers.h">
      <Filter>mpl\internal\type-transform</Filter>
    </ClInclude>
    <ClInclude Include="common-lib\mpl\internal\type-transform\remove-member-function-qualifiers.h">
      <Filter>mpl\internal\type-transform</Filter>
    </ClInclude>
    <ClInclude Include="common-lib\mpl\internal\type-transform\remove-type-qualifiers.h">
      <Filter>mpl\internal\type-transform</Filter>
    </ClInclude>
    <ClInclude Include="common-lib\mpl\internal\type-traits\check-type-qualifiers.h">
      <Filter>mpl\internal\type-traits</Filter>
    </ClInclude>
    <ClInclude Include="common-lib\mpl\internal\type-traits\is-lvalue-static-castable.h">
      <Filter>mpl\internal\type-traits</Filter>
    </ClInclude>
    <ClInclude Include="common-lib\synchronization\internal\ordered-lock\has-integral-order-static-member.h">
      <Filter>synchronization\internal\ordered-lock</Filter>
    </ClInclude>
    <ClInclude Include="common-lib\synchronization\internal\ordered-lock\ordered-lock.h">
      <Filter>synchronization\internal\ordered-lock</Filter>
    </ClInclude>
    <ClInclude Include="common-lib\mpl\internal\function-traits\is-function-pointer.h">
      <Filter>mpl\internal\function-traits</Filter>
    </ClInclude>
    <ClInclude Include="common-lib\mpl\internal\function-traits\is-std-function.h">
      <Filter>mpl\internal\function-traits</Filter>
    </ClInclude>
    <ClInclude Include="common-lib\mpl\tuple-traits.h">
      <Filter>mpl</Filter>
    </ClInclude>
    <ClInclude Include="common-lib\mpl\internal\tuple-traits\is-std-tuple.h">
      <Filter>mpl\internal\tuple-traits</Filter>
    </ClInclude>
    <ClInclude Include="common-lib\mpl\internal\tuple-traits\tuple-element.h">
      <Filter>mpl\internal\tuple-traits</Filter>
    </ClInclude>
    <ClInclude Include="common-lib\mpl\internal\tuple-traits\tuple-size.h">
      <Filter>mpl\internal\tuple-traits</Filter>
    </ClInclude>
    <ClInclude Include="common-lib\mpl\internal\tuple-transform\swap-first-two-tuple-types.h">
      <Filter>mpl\internal\tuple-transform</Filter>
    </ClInclude>
    <ClInclude Include="common-lib\mpl\tuple-transform.h">
      <Filter>mpl</Filter>
    </ClInclude>
    <ClInclude Include="common-lib\mpl\internal\tuple-transform\merge-tuples.h">
      <Filter>mpl\internal\tuple-transform</Filter>
    </ClInclude>
    <ClInclude Include="common-lib\mpl\internal\tuple-transform\sort-tuple.h">
      <Filter>mpl\internal\tuple-transform</Filter>
    </ClInclude>
    <ClInclude Include="common-lib\mpl\internal\tuple-transform\last-tuple-type.h">
      <Filter>mpl\internal\tuple-transform</Filter>
    </ClInclude>
    <ClInclude Include="common-lib\mpl\internal\tuple-transform\remove-last-tuple-type.h">
      <Filter>mpl\internal\tuple-transform</Filter>
    </ClInclude>
    <ClInclude Include="common-lib\utils\internal\tuple-utils\sort-tuple2.h">
      <Filter>utils\internal\tuple-utils</Filter>
    </ClInclude>
    <ClInclude Include="common-lib\synchronization\internal\ordered-lock\is-lockable.h">
      <Filter>synchronization\internal\ordered-lock</Filter>
    </ClInclude>
    <ClInclude Include="common-lib\utils\internal\tuple-utils\for-each-tuple-element.h">
      <Filter>utils\internal\tuple-utils</Filter>
    </ClInclude>
    <ClInclude Include="common-lib\synchronization\internal\ordered-lock\order-comparator.h">
      <Filter>synchronization\internal\ordered-lock</Filter>
    </ClInclude>
    <ClInclude Include="common-lib\synchronization\internal\ordered-lock\ordered-lock-impl.h">
      <Filter>synchronization\internal\ordered-lock</Filter>
    </ClInclude>
    <ClInclude Include="common-lib\utils\internal\tuple-utils\for-each-tuple-element-reverse.h">
      <Filter>utils\internal\tuple-utils</Filter>
    </ClInclude>
    <ClInclude Include="common-lib\utils\do-on-destruct.h">
      <Filter>utils</Filter>
    </ClInclude>
    <ClInclude Include="common-lib\synchronization\internal\ordered-lock\is-there-repeating-order-number.h">
      <Filter>synchronization\internal\ordered-lock</Filter>
    </ClInclude>
    <ClInclude Include="common-lib\utils\internal\do-on-destruct\do-on-destruct.h">
      <Filter>utils\internal\do-on-destruct</Filter>
    </ClInclude>
    <ClInclude Include="common-lib\synchronization\internal\ordered-lock\ordered-lock-functions.h">
      <Filter>synchronization\internal\ordered-lock</Filter>
    </ClInclude>
    <ClInclude Include="common-lib\synchronization\internal\ordered-lock\ordered-lock-functions-impl.h">
      <Filter>synchronization\internal\ordered-lock</Filter>
    </ClInclude>
    <ClInclude Include="common-lib\synchronization\internal\ordered-lock\is-ordered-lockable-types-valid.h">
      <Filter>synchronization\internal\ordered-lock</Filter>
    </ClInclude>
    <ClInclude Include="common-lib\synchronization\internal\ordered-lock\compare-ordered-lockable-tuples.h">
      <Filter>synchronization\internal\ordered-lock</Filter>
    </ClInclude>
    <ClInclude Include="common-lib\synchronization\internal\ordered-lock\ordered-lock-all.h">
      <Filter>synchronization\internal\ordered-lock</Filter>
    </ClInclude>
    <ClInclude Include="common-lib\utils\internal\tuple-utils\tie-tuple.h">
      <Filter>utils\internal\tuple-utils</Filter>
    </ClInclude>
    <ClInclude Include="common-lib\mpl\internal\type-transform\add-lvalue-ref-to-value.h">
      <Filter>mpl\internal\type-transform</Filter>
    </ClInclude>
    <ClInclude Include="common-lib\synchronization\ordered-mutex.h">
      <Filter>synchronization</Filter>
    </ClInclude>
    <ClInclude Include="common-lib\thread\future\internal\make-promise.h">
      <Filter>thread\future\internal</Filter>
    </ClInclude>
    <ClInclude Include="common-lib\thread\future\internal\is-future.h">
      <Filter>thread\future\internal</Filter>
    </ClInclude>
    <ClInclude Include="common-lib\thread\future\internal\future-store-type-or-self.h">
      <Filter>thread\future\internal</Filter>
    </ClInclude>
    <ClInclude Include="common-lib\thread\future\internal\future-tuple.h">
      <Filter>thread\future\internal</Filter>
    </ClInclude>
    <ClInclude Include="common-lib\thread\future\internal\is-future-tuple.h">
      <Filter>thread\future\internal</Filter>
    </ClInclude>
    <ClInclude Include="common-lib\synchronization\value-locker.h">
      <Filter>synchronization</Filter>
    </ClInclude>
    <ClInclude Include="common-lib\utils\type-qualifiers-cast.h">
      <Filter>utils</Filter>
    </ClInclude>
    <ClInclude Include="common-lib\utils\function.h">
      <Filter>utils</Filter>
    </ClInclude>
    <ClInclude Include="common-lib\memory\enable-shared-from-this-manual-set.h">
      <Filter>memory</Filter>
    </ClInclude>
    <ClInclude Include="common-lib\utils\value-proxy.h">
      <Filter>utils</Filter>
    </ClInclude>
    <ClInclude Include="common-lib\synchronization\ordered-mutex-ref.h">
      <Filter>synchronization</Filter>
    </ClInclude>
  </ItemGroup>
  <ItemGroup>
    <ClCompile Include="common-lib\timer\multiple-timer\multiple-timer.cpp">
      <Filter>timer\multiple-timer</Filter>
    </ClCompile>
    <ClCompile Include="common-lib\timer\periodic-timer\periodic-timer.cpp">
      <Filter>timer\periodic-timer</Filter>
    </ClCompile>
    <ClCompile Include="common-lib\synchronization\event\event.cpp">
      <Filter>synchronization\event</Filter>
    </ClCompile>
    <ClCompile Include="common-lib\synchronization\spinlock\spinlock.cpp">
      <Filter>synchronization\spinlock</Filter>
    </ClCompile>
    <ClCompile Include="common-lib\thread\thread-pool\strand.cpp">
      <Filter>thread\thread-pool</Filter>
    </ClCompile>
    <ClCompile Include="common-lib\thread\thread-pool\thread-pool.cpp">
      <Filter>thread\thread-pool</Filter>
    </ClCompile>
    <ClCompile Include="common-lib\utils\internal\buffer\buffer.cpp">
      <Filter>utils\internal\buffer</Filter>
    </ClCompile>
    <ClCompile Include="common-lib\utils\internal\buffer-view\buffer-view.cpp">
      <Filter>utils\internal\buffer-view</Filter>
    </ClCompile>
    <ClCompile Include="common-lib\utils\internal\buffer-view\cbuffer-view.cpp">
      <Filter>utils\internal\buffer-view</Filter>
    </ClCompile>
  </ItemGroup>
</Project>