<?xml version="1.0" encoding="utf-8"?>
<Project ToolsVersion="4.0" xmlns="http://schemas.microsoft.com/developer/msbuild/2003">
  <ItemGroup>
    <ClCompile Include="$(GOOGLETEST_ROOT)\googletest\src\gtest-all.cc">
      <Filter>gtest</Filter>
    </ClCompile>
    <ClCompile Include="$(GOOGLETEST_ROOT)\googletest\src\gtest_main.cc">
      <Filter>gtest</Filter>
    </ClCompile>
    <ClCompile Include="$(GOOGLETEST_ROOT)\googlemock\src\gmock-all.cc">
      <Filter>gtest</Filter>
    </ClCompile>
    <ClCompile Include="src\utils\safe-ptr\safe-ptr-test.cpp">
      <Filter>utils\safe-ptr</Filter>
    </ClCompile>
    <ClCompile Include="src\thread-pool\thread-pool-test.cpp">
      <Filter>thread-pool</Filter>
    </ClCompile>
    <ClCompile Include="src\utils\buffer-view\buffer-view-test.cpp">
      <Filter>utils\buffer-view</Filter>
    </ClCompile>
    <ClCompile Include="src\utils\buffer-view\cbuffer-view-test.cpp">
      <Filter>utils\buffer-view</Filter>
    </ClCompile>
    <ClCompile Include="src\utils\buffer\buffer-test.cpp">
      <Filter>utils\buffer</Filter>
    </ClCompile>
  </ItemGroup>
  <ItemGroup>
    <Filter Include="gtest">
      <UniqueIdentifier>{8f476345-e30a-4e7d-b69e-d82c7a9fa3b5}</UniqueIdentifier>
    </Filter>
    <Filter Include="utils">
      <UniqueIdentifier>{6121cd54-af91-45fb-914e-e16fb1714513}</UniqueIdentifier>
    </Filter>
    <Filter Include="utils\safe-ptr">
      <UniqueIdentifier>{06117024-c8a7-4e65-84bf-4dc06e04c6e2}</UniqueIdentifier>
    </Filter>
    <Filter Include="thread-pool">
      <UniqueIdentifier>{ac62afa3-f9d2-4c4d-95cb-29d1816700e0}</UniqueIdentifier>
    </Filter>
    <Filter Include="utils\buffer">
      <UniqueIdentifier>{6caeadf5-9b30-4375-8681-b60145e65430}</UniqueIdentifier>
    </Filter>
    <Filter Include="utils\buffer-view">
      <UniqueIdentifier>{0439f935-ed95-433d-af54-e1312d88586c}</UniqueIdentifier>
    </Filter>
  </ItemGroup>
</Project>