<?xml version="1.0" encoding="utf-8"?>
<Project ToolsVersion="4.0" xmlns="http://schemas.microsoft.com/developer/msbuild/2003">
  <ItemGroup>
    <ClCompile Include="src\main.cpp" />
    <ClCompile Include="src\proto\services.pb.cc">
      <Filter>proto</Filter>
    </ClCompile>
    <ClCompile Include="src\utils\utils.cpp">
      <Filter>utills</Filter>
    </ClCompile>
    <ClCompile Include="src\app\app.cpp">
      <Filter>app</Filter>
    </ClCompile>
  </ItemGroup>
  <ItemGroup>
    <Filter Include="proto">
      <UniqueIdentifier>{ccd9a8b6-6816-4923-a330-f811f87fe0fd}</UniqueIdentifier>
    </Filter>
    <Filter Include="utills">
      <UniqueIdentifier>{e17feec3-ca48-43af-9bda-c7aeb9246bc9}</UniqueIdentifier>
    </Filter>
    <Filter Include="app">
      <UniqueIdentifier>{b7da6b39-1ad7-4e5c-bd65-fa1f75ad1f38}</UniqueIdentifier>
    </Filter>
    <Filter Include="client">
      <UniqueIdentifier>{e978921f-8972-49c5-94a4-fe61ab090288}</UniqueIdentifier>
    </Filter>
    <Filter Include="server">
      <UniqueIdentifier>{94dea3df-4393-4b39-9755-1aa1040e2d99}</UniqueIdentifier>
    </Filter>
  </ItemGroup>
  <ItemGroup>
    <ClInclude Include="src\proto\services.pb.h">
      <Filter>proto</Filter>
    </ClInclude>
    <ClInclude Include="src\utils\utils.h">
      <Filter>utills</Filter>
    </ClInclude>
    <ClInclude Include="src\app\app.h">
      <Filter>app</Filter>
    </ClInclude>
    <ClInclude Include="src\client\client.h">
      <Filter>client</Filter>
    </ClInclude>
    <ClInclude Include="src\client\client-service.h">
      <Filter>client</Filter>
    </ClInclude>
    <ClInclude Include="src\server\server.h">
      <Filter>server</Filter>
    </ClInclude>
    <ClInclude Include="src\server\server-service.h">
      <Filter>server</Filter>
    </ClInclude>
  </ItemGroup>
  <ItemGroup>
    <CustomBuild Include="src\proto\services.proto">
      <Filter>proto</Filter>
    </CustomBuild>
  </ItemGroup>
</Project>