<?xml version="1.0" encoding="utf-8"?>
<Project ToolsVersion="4.0" xmlns="http://schemas.microsoft.com/developer/msbuild/2003">
  <ItemGroup>
    <ClCompile Include="$(GOOGLETEST_ROOT)\googletest\src\gtest-all.cc">
      <Filter>gtest</Filter>
    </ClCompile>
    <ClCompile Include="$(GOOGLETEST_ROOT)\googletest\src\gtest_main.cc">
      <Filter>gtest</Filter>
    </ClCompile>
    <ClCompile Include="$(GOOGLETEST_ROOT)\googlemock\src\gmock-all.cc">
      <Filter>gtest</Filter>
    </ClCompile>
    <ClCompile Include="src\utils\buffer-view\buffer-view-test.cpp">
      <Filter>utils\buffer-view</Filter>
    </ClCompile>
    <ClCompile Include="src\utils\buffer-view\cbuffer-view-test.cpp">
      <Filter>utils\buffer-view</Filter>
    </ClCompile>
    <ClCompile Include="src\utils\buffer\buffer-test.cpp">
      <Filter>utils\buffer</Filter>
    </ClCompile>
    <ClCompile Include="src\memory\unique-ptr2\unique-ptr2-test.cpp">
      <Filter>memory\unique-ptr2</Filter>
    </ClCompile>
    <ClCompile Include="src\timer\multiple-timer\multiple-timer-test.cpp">
      <Filter>timer\multiple-timer</Filter>
    </ClCompile>
    <ClCompile Include="src\timer\periodic-timer\periodic-timer-test.cpp">
      <Filter>timer\periodic-timer</Filter>
    </ClCompile>
    <ClCompile Include="src\synchronization\guarded-value\guarded-value-test.cpp">
      <Filter>synchronization</Filter>
    </ClCompile>
    <ClCompile Include="src\mpl\function-traits-test.cpp">
      <Filter>mpl</Filter>
    </ClCompile>
    <ClCompile Include="src\mpl\remove-member-function-qualifiers-test.cpp">
      <Filter>mpl</Filter>
    </ClCompile>
    <ClCompile Include="src\mpl\remove-function-qualifiers-test.cpp">
      <Filter>mpl</Filter>
    </ClCompile>
    <ClCompile Include="src\mpl\is-std-function-test.cpp">
      <Filter>mpl</Filter>
    </ClCompile>
    <ClCompile Include="src\thread\future-test.cpp">
      <Filter>thread</Filter>
    </ClCompile>
    <ClCompile Include="src\thread\strand-test.cpp">
      <Filter>thread</Filter>
    </ClCompile>
    <ClCompile Include="src\thread\thread-pool-task-test.cpp">
      <Filter>thread</Filter>
    </ClCompile>
    <ClCompile Include="src\thread\thread-pool-test.cpp">
      <Filter>thread</Filter>
    </ClCompile>
    <ClCompile Include="src\mpl\check-type-test.cpp">
      <Filter>mpl</Filter>
    </ClCompile>
    <ClCompile Include="src\mpl\is-lvalue-static-castable-test.cpp">
      <Filter>mpl</Filter>
    </ClCompile>
    <ClCompile Include="src\utils\type-wrapper-test.cpp">
      <Filter>utils</Filter>
    </ClCompile>
    <ClCompile Include="src\mpl\is-lockable-test.cpp">
      <Filter>mpl</Filter>
    </ClCompile>
    <ClCompile Include="src\mpl\is-std-tuple-test.cpp">
      <Filter>mpl</Filter>
    </ClCompile>
    <ClCompile Include="src\utils\swap-first-two-tuple-elements-test.cpp">
      <Filter>utils</Filter>
    </ClCompile>
    <ClCompile Include="src\utils\merge-tuples-test.cpp">
      <Filter>utils</Filter>
    </ClCompile>
    <ClCompile Include="src\utils\extract-first-tuple-element-test.cpp">
      <Filter>utils</Filter>
    </ClCompile>
  </ItemGroup>
  <ItemGroup>
    <Filter Include="gtest">
      <UniqueIdentifier>{8f476345-e30a-4e7d-b69e-d82c7a9fa3b5}</UniqueIdentifier>
    </Filter>
    <Filter Include="utils">
      <UniqueIdentifier>{6121cd54-af91-45fb-914e-e16fb1714513}</UniqueIdentifier>
    </Filter>
    <Filter Include="utils\buffer">
      <UniqueIdentifier>{6caeadf5-9b30-4375-8681-b60145e65430}</UniqueIdentifier>
    </Filter>
    <Filter Include="utils\buffer-view">
      <UniqueIdentifier>{0439f935-ed95-433d-af54-e1312d88586c}</UniqueIdentifier>
    </Filter>
    <Filter Include="memory">
      <UniqueIdentifier>{465acbd0-1231-4b6d-ac9b-2b56e4aa2633}</UniqueIdentifier>
    </Filter>
    <Filter Include="memory\unique-ptr2">
      <UniqueIdentifier>{db266bdf-b269-480b-9d55-145ef0d62621}</UniqueIdentifier>
    </Filter>
    <Filter Include="timer">
      <UniqueIdentifier>{6590e062-a557-48c4-af9f-c758e9b16705}</UniqueIdentifier>
    </Filter>
    <Filter Include="timer\multiple-timer">
      <UniqueIdentifier>{cc56a4e7-25da-4835-b0a5-157ce4c2e2c0}</UniqueIdentifier>
    </Filter>
    <Filter Include="timer\periodic-timer">
      <UniqueIdentifier>{fdbc5790-7680-4e3c-a2aa-60d2564838d5}</UniqueIdentifier>
    </Filter>
    <Filter Include="synchronization">
      <UniqueIdentifier>{76cb35ef-3b6e-45fb-baac-1fbd2849b537}</UniqueIdentifier>
    </Filter>
    <Filter Include="mpl">
      <UniqueIdentifier>{14b03884-05c5-4add-8597-25684ce3a6cd}</UniqueIdentifier>
    </Filter>
    <Filter Include="thread">
      <UniqueIdentifier>{ac62afa3-f9d2-4c4d-95cb-29d1816700e0}</UniqueIdentifier>
    </Filter>
  </ItemGroup>
</Project>