<?xml version="1.0" encoding="utf-8"?>
<Project ToolsVersion="4.0" xmlns="http://schemas.microsoft.com/developer/msbuild/2003">
  <ItemGroup>
    <ClCompile Include="$(GOOGLETEST_ROOT)\googletest\src\gtest-all.cc">
      <Filter>gtest</Filter>
    </ClCompile>
    <ClCompile Include="$(GOOGLETEST_ROOT)\googletest\src\gtest_main.cc">
      <Filter>gtest</Filter>
    </ClCompile>
    <ClCompile Include="$(GOOGLETEST_ROOT)\googlemock\src\gmock-all.cc">
      <Filter>gtest</Filter>
    </ClCompile>
    <ClCompile Include="src\utils\buffer-view\buffer-view-test.cpp">
      <Filter>utils\buffer-view</Filter>
    </ClCompile>
    <ClCompile Include="src\utils\buffer-view\cbuffer-view-test.cpp">
      <Filter>utils\buffer-view</Filter>
    </ClCompile>
    <ClCompile Include="src\utils\buffer\buffer-test.cpp">
      <Filter>utils\buffer</Filter>
    </ClCompile>
    <ClCompile Include="src\memory\unique-ptr2\unique-ptr2-test.cpp">
      <Filter>memory\unique-ptr2</Filter>
    </ClCompile>
    <ClCompile Include="src\timer\multiple-timer\multiple-timer-test.cpp">
      <Filter>timer\multiple-timer</Filter>
    </ClCompile>
    <ClCompile Include="src\timer\periodic-timer\periodic-timer-test.cpp">
      <Filter>timer\periodic-timer</Filter>
    </ClCompile>
    <ClCompile Include="src\synchronization\guarded-value\guarded-value-test.cpp">
      <Filter>synchronization</Filter>
    </ClCompile>
    <ClCompile Include="src\thread\future-test.cpp">
      <Filter>thread</Filter>
    </ClCompile>
    <ClCompile Include="src\thread\strand-test.cpp">
      <Filter>thread</Filter>
    </ClCompile>
    <ClCompile Include="src\thread\thread-pool-task-test.cpp">
      <Filter>thread</Filter>
    </ClCompile>
    <ClCompile Include="src\thread\thread-pool-test.cpp">
      <Filter>thread</Filter>
    </ClCompile>
    <ClCompile Include="src\utils\tuple-utils\extract-first-tuple-element-test.cpp">
      <Filter>utils\tuple-utils</Filter>
    </ClCompile>
    <ClCompile Include="src\utils\tuple-utils\extract-last-tuple-element-test.cpp">
      <Filter>utils\tuple-utils</Filter>
    </ClCompile>
    <ClCompile Include="src\utils\tuple-utils\forward-tuple-element.cpp">
      <Filter>utils\tuple-utils</Filter>
    </ClCompile>
    <ClCompile Include="src\utils\tuple-utils\merge-tuples-test.cpp">
      <Filter>utils\tuple-utils</Filter>
    </ClCompile>
    <ClCompile Include="src\utils\tuple-utils\sort-tuple-test.cpp">
      <Filter>utils\tuple-utils</Filter>
    </ClCompile>
    <ClCompile Include="src\utils\tuple-utils\swap-first-two-tuple-elements-test.cpp">
      <Filter>utils\tuple-utils</Filter>
    </ClCompile>
    <ClCompile Include="src\utils\type-wrapper\type-wrapper-test.cpp">
      <Filter>utils\type-wrapper</Filter>
    </ClCompile>
    <ClCompile Include="src\mpl\function-traits\function-traits-test.cpp">
      <Filter>mpl\function-traits</Filter>
    </ClCompile>
    <ClCompile Include="src\mpl\type-transform\add-const-test.cpp">
      <Filter>mpl\type-transform</Filter>
    </ClCompile>
    <ClCompile Include="src\mpl\type-transform\remove-const-test.cpp">
      <Filter>mpl\type-transform</Filter>
    </ClCompile>
    <ClCompile Include="src\mpl\type-transform\remove-function-qualifiers-test.cpp">
      <Filter>mpl\type-transform</Filter>
    </ClCompile>
    <ClCompile Include="src\mpl\type-transform\remove-member-function-qualifiers-test.cpp">
      <Filter>mpl\type-transform</Filter>
    </ClCompile>
    <ClCompile Include="src\mpl\type-traits\check-type-test.cpp">
      <Filter>mpl\type-traits</Filter>
    </ClCompile>
    <ClCompile Include="src\mpl\type-traits\is-lockable-test.cpp">
      <Filter>mpl\type-traits</Filter>
    </ClCompile>
    <ClCompile Include="src\mpl\type-traits\is-lvalue-static-castable-test.cpp">
      <Filter>mpl\type-traits</Filter>
    </ClCompile>
    <ClCompile Include="src\synchronization\ordered-lock\has-integral-order-static-member-test.cpp">
      <Filter>synchronization\ordered-lock</Filter>
    </ClCompile>
    <ClCompile Include="src\mpl\function-traits\is-std-function-test.cpp">
      <Filter>mpl\function-traits</Filter>
    </ClCompile>
    <ClCompile Include="src\mpl\function-traits\is-function-pointer-test.cpp">
      <Filter>mpl\function-traits</Filter>
    </ClCompile>
    <ClCompile Include="src\mpl\tuple-traits\is-std-tuple-test.cpp">
      <Filter>mpl\tuple-traits</Filter>
    </ClCompile>
    <ClCompile Include="src\mpl\tuple-traits\tuple-element-test.cpp">
      <Filter>mpl\tuple-traits</Filter>
    </ClCompile>
    <ClCompile Include="src\mpl\tuple-traits\tuple-size-test.cpp">
      <Filter>mpl\tuple-traits</Filter>
    </ClCompile>
    <ClCompile Include="src\mpl\tuple-transform\merge-tuples-test.cpp">
      <Filter>mpl\tuple-transform</Filter>
    </ClCompile>
    <ClCompile Include="src\mpl\tuple-transform\swap-first-two-tuple-types-test.cpp">
      <Filter>mpl\tuple-transform</Filter>
    </ClCompile>
    <ClCompile Include="src\mpl\tuple-transform\sort-tuple-test.cpp">
      <Filter>mpl\tuple-transform</Filter>
    </ClCompile>
    <ClCompile Include="src\mpl\tuple-transform\last-tuple-type-test.cpp">
      <Filter>mpl\tuple-transform</Filter>
    </ClCompile>
    <ClCompile Include="src\mpl\tuple-transform\remove-last-tuple-element-test.cpp">
      <Filter>mpl\tuple-transform</Filter>
    </ClCompile>
    <ClCompile Include="src\utils\tuple-utils\sort-tuple2-test.cpp">
      <Filter>utils\tuple-utils</Filter>
    </ClCompile>
  </ItemGroup>
  <ItemGroup>
    <Filter Include="gtest">
      <UniqueIdentifier>{8f476345-e30a-4e7d-b69e-d82c7a9fa3b5}</UniqueIdentifier>
    </Filter>
    <Filter Include="utils">
      <UniqueIdentifier>{6121cd54-af91-45fb-914e-e16fb1714513}</UniqueIdentifier>
    </Filter>
    <Filter Include="utils\buffer">
      <UniqueIdentifier>{6caeadf5-9b30-4375-8681-b60145e65430}</UniqueIdentifier>
    </Filter>
    <Filter Include="utils\buffer-view">
      <UniqueIdentifier>{0439f935-ed95-433d-af54-e1312d88586c}</UniqueIdentifier>
    </Filter>
    <Filter Include="memory">
      <UniqueIdentifier>{465acbd0-1231-4b6d-ac9b-2b56e4aa2633}</UniqueIdentifier>
    </Filter>
    <Filter Include="memory\unique-ptr2">
      <UniqueIdentifier>{db266bdf-b269-480b-9d55-145ef0d62621}</UniqueIdentifier>
    </Filter>
    <Filter Include="timer">
      <UniqueIdentifier>{6590e062-a557-48c4-af9f-c758e9b16705}</UniqueIdentifier>
    </Filter>
    <Filter Include="timer\multiple-timer">
      <UniqueIdentifier>{cc56a4e7-25da-4835-b0a5-157ce4c2e2c0}</UniqueIdentifier>
    </Filter>
    <Filter Include="timer\periodic-timer">
      <UniqueIdentifier>{fdbc5790-7680-4e3c-a2aa-60d2564838d5}</UniqueIdentifier>
    </Filter>
    <Filter Include="synchronization">
      <UniqueIdentifier>{76cb35ef-3b6e-45fb-baac-1fbd2849b537}</UniqueIdentifier>
    </Filter>
    <Filter Include="mpl">
      <UniqueIdentifier>{14b03884-05c5-4add-8597-25684ce3a6cd}</UniqueIdentifier>
    </Filter>
    <Filter Include="thread">
      <UniqueIdentifier>{ac62afa3-f9d2-4c4d-95cb-29d1816700e0}</UniqueIdentifier>
    </Filter>
    <Filter Include="utils\tuple-utils">
      <UniqueIdentifier>{3a3ac89a-9544-4660-a13b-4ae75e812aab}</UniqueIdentifier>
    </Filter>
    <Filter Include="utils\type-wrapper">
      <UniqueIdentifier>{03d7b41c-727e-49c6-b8f9-7c743f1e944e}</UniqueIdentifier>
    </Filter>
    <Filter Include="mpl\function-traits">
      <UniqueIdentifier>{e6c12a5b-c87e-4a62-b365-82191eef343a}</UniqueIdentifier>
    </Filter>
    <Filter Include="mpl\type-traits">
      <UniqueIdentifier>{716ba15a-44d3-4f80-8fc4-4f162f53a928}</UniqueIdentifier>
    </Filter>
    <Filter Include="mpl\type-transform">
      <UniqueIdentifier>{23bf6b4f-c6fb-46fa-bd87-fa9aacf72791}</UniqueIdentifier>
    </Filter>
    <Filter Include="synchronization\ordered-lock">
      <UniqueIdentifier>{329a462a-3515-42ff-8bfc-4409370494a7}</UniqueIdentifier>
    </Filter>
    <Filter Include="mpl\tuple-traits">
      <UniqueIdentifier>{e61312f0-78b8-4aef-a1ed-b01035af460d}</UniqueIdentifier>
    </Filter>
    <Filter Include="mpl\tuple-transform">
      <UniqueIdentifier>{10da8395-5375-46a2-a182-f8d168604254}</UniqueIdentifier>
    </Filter>
  </ItemGroup>
</Project>